# This file is autogenerated, do not edit; changes may be undone by the next 'dep ensure'.


[[projects]]
  digest = "1:55254618aa3cc3dca8ef889ca454d314c24bce4702a6ec54577442308ce744a4"
  name = "code.sajari.com/docconv"
  packages = [
    ".",
    "iWork",
    "snappy",
  ]
  pruneopts = "UT"
  revision = "eedabc494f8e97c31f94c70453273f16dbecbc6f"
  version = "v1.1.0"

[[projects]]
  digest = "1:9f3b30d9f8e0d7040f729b82dcbc8f0dead820a133b3147ce355fc451f32d761"
  name = "github.com/BurntSushi/toml"
  packages = ["."]
  pruneopts = "UT"
  revision = "3012a1dbe2e4bd1391d42b32f0577cb7bbc7f005"
  version = "v0.3.1"

[[projects]]
  branch = "master"
  digest = "1:b357150cc93d5dea09cf4d36a7acbae83ec47eddf85e25cc43edfa1c7fb0b83e"
  name = "github.com/JalfResi/justext"
  packages = ["."]
  pruneopts = "UT"
  revision = "c0282dea71984da06b2f154dcd2b06da3948aa06"

[[projects]]
  digest = "1:573fa46f8d413d4bc3f7cc5e86b2c43cb21559f4fb0a19d9874d228e28fdc07c"
  name = "github.com/PuerkitoBio/goquery"
  packages = ["."]
  pruneopts = "UT"
  revision = "2d2796f41742ece03e8086188fa4db16a3a0b458"
  version = "v1.5.0"

[[projects]]
  branch = "master"
  digest = "1:5b8f83a25110e9dc6c5c608e7326ec5654dd2da7b9b2867b9fdacef4dffe86f9"
  name = "github.com/advancedlogic/GoOse"
  packages = ["."]
  pruneopts = "UT"
  revision = "6cd46faf50eb2105cd5de7328ee8eb62557895c9"

[[projects]]
  digest = "1:24ffaa1636eba8f0cfc7671121d05a9a2040605adb1927a93be88fbc2ea6cfdb"
  name = "github.com/andybalholm/cascadia"
  packages = ["."]
  pruneopts = "UT"
  revision = "b69f6c92dfc187ebfe3914df716c2647a3af0ba0"
  version = "v1.1.0"

[[projects]]
  branch = "master"
  digest = "1:fdfcd99fd77a0d3e3228d4d0b5061d9a611d40cd369ea44e333401b06936fdc4"
  name = "github.com/araddon/dateparse"
  packages = ["."]
  pruneopts = "UT"
  revision = "0fb0a474d195a3449cf412ae0176faa193f0ef0b"

[[projects]]
  digest = "1:5f1d44e13c151d777a80b0d8ca850347530773e73ccce5995a520cdc6947c205"
  name = "github.com/fatih/set"
  packages = ["."]
  pruneopts = "UT"
  revision = "2c768e3c5489976167bfc42b5c7c92ca783f4389"
  version = "v0.2.1"

[[projects]]
  digest = "1:e0f6719accaaec115a2c392ccafaab057c6b788ea31bd272aca77b2957773014"
  name = "github.com/gabriel-vasile/mimetype"
  packages = [
    ".",
    "internal/json",
    "internal/matchers",
  ]
  pruneopts = "UT"
  revision = "5bb19b9472044d885f4767465d3f31700354b31c"
  version = "v0.3.20"

[[projects]]
  branch = "master"
  digest = "1:131e93e8b8f318c52b1666e5a8f3af7d236af62f5a477a11973e46af59bca7da"
  name = "github.com/gigawattio/window"
  packages = ["."]
  pruneopts = "UT"
  revision = "0f5467e35573c4ffebddd992935e1f7ceeac0696"

[[projects]]
  digest = "1:573ca21d3669500ff845bdebee890eb7fc7f0f50c59f2132f2a0c6b03d85086a"
  name = "github.com/golang/protobuf"
  packages = ["proto"]
  pruneopts = "UT"
  revision = "6c65a5562fc06764971b7c5d05c76c75e84bdbf7"
  version = "v1.3.2"

[[projects]]
  branch = "master"
  digest = "1:c6b699ea3bbd8b76012a8feca9ea85bcca794ae5c1157724d1b524066d5d59b0"
  name = "github.com/jaytaylor/html2text"
  packages = ["."]
  pruneopts = "UT"
  revision = "01ec452cbe43774f989516272881441cae40c16b"

[[projects]]
  digest = "1:6badb17f9fa52d93054ab8b282a5f8776b17a2bc3b862f84444a57fceb23cc46"
  name = "github.com/jinzhu/configor"
  packages = ["."]
  pruneopts = "UT"
  revision = "f52abb230c951b14a04e8515ca4e248be7690321"
  version = "v1.1.1"

[[projects]]
  digest = "1:31e761d97c76151dde79e9d28964a812c46efc5baee4085b86f68f0c654450de"
  name = "github.com/konsorten/go-windows-terminal-sequences"
  packages = ["."]
  pruneopts = "UT"
  revision = "f55edac94c9bbba5d6182a4be46d86a2c9b5b50e"
  version = "v1.0.2"

[[projects]]
  branch = "master"
  digest = "1:c36ee1111977177b3acbd98c5cf567218d94a05021365e7df752012f6a7cf5fe"
  name = "github.com/levigross/exp-html"
  packages = ["."]
  pruneopts = "UT"
  revision = "8df60c69a8f5b0fe4a72ff6ae3811d4b57154e39"

[[projects]]
  digest = "1:0356f3312c9bd1cbeda81505b7fd437501d8e778ab66998ef69f00d7f9b3a0d7"
  name = "github.com/mattn/go-runewidth"
  packages = ["."]
  pruneopts = "UT"
  revision = "3ee7d812e62a0804a7d0a324e0249ca2db3476d3"
  version = "v0.0.4"

[[projects]]
  digest = "1:abcdbf03ca6ca13d3697e2186edc1f33863bbdac2b3a44dfa39015e8903f7409"
  name = "github.com/olekukonko/tablewriter"
  packages = ["."]
  pruneopts = "UT"
  revision = "e6d60cf7ba1f42d86d54cdf5508611c4aafb3970"
  version = "v0.0.1"

[[projects]]
  digest = "1:69d7d8f871a15079052dc15c85d4f44915b2bf3fdbd56cf14e424b4326289717"
  name = "github.com/otiai10/copy"
  packages = ["."]
  pruneopts = "UT"
  revision = "f98458f9df5788f53462a1bf427b728f113ab481"
  version = "v1.0.2"

[[projects]]
  digest = "1:7ccef172acdde402715f443a85d8c9acbdd48570139eda4f9b224305c0049c69"
  name = "github.com/otiai10/gosseract"
  packages = [
    "v1/gosseract",
    "v1/gosseract/tesseract",
  ]
  pruneopts = "UT"
  revision = "ff587f106ee83627349e2868111c9494105a93ac"
  version = "v2.0"

[[projects]]
  digest = "1:04457f9f6f3ffc5fea48e71d62f2ca256637dee0a04d710288e27e05c8b41976"
  name = "github.com/sirupsen/logrus"
  packages = ["."]
  pruneopts = "UT"
  revision = "839c75faf7f98a33d445d181f3018b5c3409a45e"
  version = "v1.4.2"

[[projects]]
  branch = "master"
  digest = "1:362b269942e8508aed33025593090ad4cdbd9077de4b1cd505e6124728e9e856"
  name = "github.com/ssor/bom"
  packages = ["."]
  pruneopts = "UT"
  revision = "6386211fdfcf24c0bfbdaceafd02849ed9a8a509"

[[projects]]
  branch = "master"
  digest = "1:94002ae1eb37d085f9aca990b3246b0cf6f0d114b5c0924aedd8eaf2a912143f"
  name = "golang.org/x/net"
  packages = [
    "html",
    "html/atom",
    "html/charset",
  ]
  pruneopts = "UT"
  revision = "da9a3fd4c5820e74b24a6cb7fb438dc9b0dd377c"

[[projects]]
  branch = "master"
  digest = "1:56068728488986584e5a2f3576cb84d52bad7ec7fbe63a14b0d3b26bfdb41b8b"
  name = "golang.org/x/sys"
  packages = ["unix"]
  pruneopts = "UT"
  revision = "53bf42e6b339f7ed00535fc6915737b3959eac89"

[[projects]]
  digest = "1:8a0baffd5559acaa560f854d7d525c02f4fec2d4f8a214398556fb661a10f6e0"
  name = "golang.org/x/text"
  packages = [
    "encoding",
    "encoding/charmap",
    "encoding/htmlindex",
    "encoding/internal",
    "encoding/internal/identifier",
    "encoding/japanese",
    "encoding/korean",
    "encoding/simplifiedchinese",
    "encoding/traditionalchinese",
    "encoding/unicode",
    "internal/gen",
    "internal/language",
    "internal/language/compact",
    "internal/tag",
    "internal/utf8internal",
    "language",
    "runes",
    "transform",
    "unicode/cldr",
  ]
  pruneopts = "UT"
  revision = "342b2e1fbaa52c93f31447ad2c6abc048c63e475"
  version = "v0.3.2"

[[projects]]
  digest = "1:59f10c1537d2199d9115d946927fe31165959a95190849c82ff11e05803528b0"
  name = "gopkg.in/yaml.v2"
  packages = ["."]
  pruneopts = "UT"
  revision = "f221b8435cfb71e54062f6c6e99e9ade30b124d5"
  version = "v2.2.4"

[solve-meta]
  analyzer-name = "dep"
  analyzer-version = 1
  input-imports = [
    "code.sajari.com/docconv",
    "github.com/gabriel-vasile/mimetype",
    "github.com/jinzhu/configor",
    "github.com/otiai10/copy",
    "github.com/sirupsen/logrus",
  ]
  solver-name = "gps-cdcl"
  solver-version = 1
